
Microsoft Visual Studio Solution File, Format Version 12.00
# Visual Studio 15
VisualStudioVersion = 15.0.26730.15
MinimumVisualStudioVersion = 10.0.40219.1
Project("{FAE04EC0-301F-11D3-BF4B-00C04F79EFBC}") = "YahtzeeV3", "YahtzeeV3\YahtzeeV3.csproj", "{9356DC82-E049-4F46-8E06-48FAE00AE1C3}"
EndProject
Global
	GlobalSection(SolutionConfigurationPlatforms) = preSolution
		Debug|Any CPU = Debug|Any CPU
		Release|Any CPU = Release|Any CPU
	EndGlobalSection
	GlobalSection(ProjectConfigurationPlatforms) = postSolution
		{9356DC82-E049-4F46-8E06-48FAE00AE1C3}.Debug|Any CPU.ActiveCfg = Debug|Any CPU
		{9356DC82-E049-4F46-8E06-48FAE00AE1C3}.Debug|Any CPU.Build.0 = Debug|Any CPU
		{9356DC82-E049-4F46-8E06-48FAE00AE1C3}.Release|Any CPU.ActiveCfg = Release|Any CPU
		{9356DC82-E049-4F46-8E06-48FAE00AE1C3}.Release|Any CPU.Build.0 = Release|Any CPU
	EndGlobalSection
	GlobalSection(SolutionProperties) = preSolution
		HideSolutionNode = FALSE
	EndGlobalSection
	GlobalSection(ExtensibilityGlobals) = postSolution
		SolutionGuid = {A4AD93F8-4104-461C-BA4F-CCEB4230A9C6}
	EndGlobalSection
EndGlobal
